
Microsoft Visual Studio Solution File, Format Version 12.00
# Visual Studio Version 16
VisualStudioVersion = 16.0.30611.23
MinimumVisualStudioVersion = 10.0.40219.1
Project("{FAE04EC0-301F-11D3-BF4B-00C04F79EFBC}") = "Kurs", "Kurs\Kurs.csproj", "{142678AF-1533-42BE-81F7-DBA3620E3A9F}"
EndProject
Global
	GlobalSection(SolutionConfigurationPlatforms) = preSolution
		Debug|Any CPU = Debug|Any CPU
		Release|Any CPU = Release|Any CPU
	EndGlobalSection
	GlobalSection(ProjectConfigurationPlatforms) = postSolution
		{142678AF-1533-42BE-81F7-DBA3620E3A9F}.Debug|Any CPU.ActiveCfg = Debug|Any CPU
		{142678AF-1533-42BE-81F7-DBA3620E3A9F}.Debug|Any CPU.Build.0 = Debug|Any CPU
		{142678AF-1533-42BE-81F7-DBA3620E3A9F}.Release|Any CPU.ActiveCfg = Release|Any CPU
		{142678AF-1533-42BE-81F7-DBA3620E3A9F}.Release|Any CPU.Build.0 = Release|Any CPU
	EndGlobalSection
	GlobalSection(SolutionProperties) = preSolution
		HideSolutionNode = FALSE
	EndGlobalSection
	GlobalSection(ExtensibilityGlobals) = postSolution
		SolutionGuid = {BC4E2164-3485-4487-B15E-DD67AFAD0BC4}
	EndGlobalSection
EndGlobal
